{
  "version": 4,
  "terraform_version": "1.9.8",
  "serial": 17,
  "lineage": "b4219596-4659-363b-fd8d-7b0a39dd805a",
  "outputs": {
    "ec2_public_ip": {
      "value": "35.168.12.226",
      "type": "string"
    },
    "private_key": {
      "value": "-----BEGIN RSA PRIVATE KEY-----\nMIIEowIBAAKCAQEAxCsIBFGKmSDZ6MnxpyDUEHyJ9lTUqJzh6sDBWqClB8rv5TuG\nItXE3T7aZgBbPddZMC5mbXwCNp1Ki1wG3OeojFRCOyLf+bT+WIGTlYM4EDWhORAz\nT1NODCpDZo+bJpJLgMGUNB42qjhJ/w1WDJHiAeelBpBLKXx2F4yXsAgXJ/XQeSFc\nugyIfqSYSDdWNr9loR0zy6ey6htrOoWIJw0Ik3B2159Ztj9IO4uQuFwtNFj9SAjI\nCneV7oxHMAWhdg2Mh5MchH+3ruFLOR948/uqTR/hXqpA4WRLZEr565FAsHF/Nc6R\n4EGTlQS9d5SdoTpLUxHI/rnaFUeW2F3I6aA61QIDAQABAoIBAA3DTx6uceDocyFn\n+bJWFUrK0gscTIc/6oHD4EzxdGKllEsq7/BFuzgijsQVRlGCaFl/B+SqjKU0R+Sb\nIkghYKvnxXXMrpYgYq/m92nH+Qj6GkOcpVztZU5pMK1jaek83ls8OZ+mdwNeS6K/\nVsgu/AJSNDvPp9ZTSx2/2WyaRLWi4+kT7kOK7jqujRd6GzYxWWFHIo1nSOCzVULg\nIXCIsXPkTrJ1H3Y74/r6tfpGcHKhiddhj1Ch//f0xazUS69ZyjN0YQ7CoGnAViiL\nBfChaH1Kpgt/6e1l36FLLwD/x0et3qZHvfNcdIo02ypG/qJmfDYZtgKUTQl67mqB\nDOELD4ECgYEA0jfMa4+TMetGjdMjZjmIlRFtrr3Eo90jGj3EmdGM2JRL1rKOdCIX\n0K7bwTZbx/a0ZrfdDPTqMhyuyOmQatem+KnIu3mQhjSIQDjR/yHUfWM8KNNKDLeI\nKFBP6jQH0W8T0Etjm6ouElMBq4xnUL1kVtTLE9+ZbaJ9AxAcMRHO/9ECgYEA7uPq\nagNSmaGwO1byKMMrCPtySQFQKzlG0nqdudmOxoNVB/6MR7dgsLyHq5jqwLaSolC7\nq9FxS6ifmgY1fa52+K7Ecug1ucCuWB6i20YbiEuYCbZcOhqBGsXgivlqBH+MUl+K\nBC4lxbP1oZyqE3c0WR+hdC/P79tac2j3zPP+L8UCgYBSrS1RlEsQ0/aQqtx+RNxp\nvEwF8I6Y380Bcg+Ta23YdCKLkvghxpLVOSAmkilwsJ9s0p02jlBZWxyG2g05aA08\nORJAYWQs1BZOI8q7a+O1WMT9TXQPIlODf2qess3sWaJSRoQrYbfy7wB2Jqcvgv0m\nhVRFQaiHDOPbw4dC6T0fMQKBgBo4J61VCgbUqTwKEfAJY7rLpkJ/A2aLFcvaK1+P\nkk0Vcwq6lHj2loUvXBCoavOV1kg8Ziy4gx/TtRi5n7tYn7QxslwOQn9Nt5TyX9uD\nOVhfO6OtQTgbWpoup7N5Jnqx6RvNYp+M1RZ65vXC9SPHzJYPk6/l44Om5qmOFsyG\n5xolAoGBAMKKqD5cbverKuHIFBf39rhLHgwgrJD0lseEwlxgQ467cCaIgWhMf7ft\n6kphlncDlPEigZnhOnJgXwMBJr6eGUKTdJOyBFoUKSMM/6qtbaApwUQw6jNNPHWJ\ncpKCATw46v/Uz0z1Wpku8Ki/G6AYYFkiK0bKtB4gPX2Ne4OYI+Cx\n-----END RSA PRIVATE KEY-----\n",
      "type": "string",
      "sensitive": true
    },
    "route_table_id": {
      "value": "rtb-0a3f195228c9d8544",
      "type": "string"
    },
    "security_group_id": {
      "value": "sg-0a118b8ae4d2d6768",
      "type": "string"
    },
    "subnet_ids": {
      "value": [
        "subnet-013053827b98ad9af",
        "subnet-0b7e1072c981848df"
      ],
      "type": [
        "tuple",
        [
          "string",
          "string"
        ]
      ]
    }
  },
  "resources": [
    {
      "mode": "data",
      "type": "aws_ami",
      "name": "debian12",
      "provider": "provider[\"registry.terraform.io/hashicorp/aws\"]",
      "instances": [
        {
          "schema_version": 0,
          "attributes": {
            "architecture": "x86_64",
            "arn": "arn:aws:ec2:us-east-1::image/ami-04063f39f8c8cfbad",
            "block_device_mappings": [
              {
                "device_name": "/dev/xvda",
                "ebs": {
                  "delete_on_termination": "true",
                  "encrypted": "false",
                  "iops": "3000",
                  "snapshot_id": "snap-06e811776102d3875",
                  "throughput": "125",
                  "volume_size": "8",
                  "volume_type": "gp3"
                },
                "no_device": "",
                "virtual_name": ""
              }
            ],
            "boot_mode": "",
            "creation_date": "2024-10-04T20:02:49.000Z",
            "deprecation_time": "2026-10-04T20:02:49.000Z",
            "description": "Debian 12 (20241004-1890)",
            "ena_support": true,
            "executable_users": null,
            "filter": [
              {
                "name": "name",
                "values": [
                  "debian-12-amd64-*"
                ]
              },
              {
                "name": "virtualization-type",
                "values": [
                  "hvm"
                ]
              }
            ],
            "hypervisor": "xen",
            "id": "ami-04063f39f8c8cfbad",
            "image_id": "ami-04063f39f8c8cfbad",
            "image_location": "aws-marketplace/debian-12-amd64-20241004-1890-prod-s2fy2g55okxhk",
            "image_owner_alias": "aws-marketplace",
            "image_type": "machine",
            "imds_support": "",
            "include_deprecated": false,
            "kernel_id": "",
            "most_recent": true,
            "name": "debian-12-amd64-20241004-1890-prod-s2fy2g55okxhk",
            "name_regex": null,
            "owner_id": "679593333241",
            "owners": [
              "679593333241"
            ],
            "platform": "",
            "platform_details": "Linux/UNIX",
            "product_codes": [
              {
                "product_code_id": "5ctsrtfjsovfs7giesa0alwtp",
                "product_code_type": "marketplace"
              }
            ],
            "public": true,
            "ramdisk_id": "",
            "root_device_name": "/dev/xvda",
            "root_device_type": "ebs",
            "root_snapshot_id": "snap-06e811776102d3875",
            "sriov_net_support": "simple",
            "state": "available",
            "state_reason": {
              "code": "UNSET",
              "message": "UNSET"
            },
            "tags": {},
            "timeouts": null,
            "tpm_support": "",
            "usage_operation": "RunInstances",
            "virtualization_type": "hvm"
          },
          "sensitive_attributes": []
        }
      ]
    },
    {
      "mode": "managed",
      "type": "aws_instance",
      "name": "debian_ec2",
      "provider": "provider[\"registry.terraform.io/hashicorp/aws\"]",
      "instances": [
        {
          "schema_version": 1,
          "attributes": {
            "ami": "ami-064519b8c76274859",
            "arn": "arn:aws:ec2:us-east-1:195275673106:instance/i-0eb3a298d4cec7040",
            "associate_public_ip_address": true,
            "availability_zone": "us-east-1d",
            "capacity_reservation_specification": [
              {
                "capacity_reservation_preference": "open",
                "capacity_reservation_target": []
              }
            ],
            "cpu_core_count": 1,
            "cpu_options": [
              {
                "amd_sev_snp": "",
                "core_count": 1,
                "threads_per_core": 1
              }
            ],
            "cpu_threads_per_core": 1,
            "credit_specification": [
              {
                "cpu_credits": "standard"
              }
            ],
            "disable_api_stop": false,
            "disable_api_termination": false,
            "ebs_block_device": [],
            "ebs_optimized": false,
            "enclave_options": [
              {
                "enabled": false
              }
            ],
            "ephemeral_block_device": [],
            "get_password_data": false,
            "hibernation": false,
            "host_id": "",
            "host_resource_group_arn": null,
            "iam_instance_profile": "",
            "id": "i-0eb3a298d4cec7040",
            "instance_initiated_shutdown_behavior": "stop",
            "instance_lifecycle": "",
            "instance_market_options": [],
            "instance_state": "running",
            "instance_type": "t2.micro",
            "ipv6_address_count": 0,
            "ipv6_addresses": [],
            "key_name": "key_terraform",
            "launch_template": [],
            "maintenance_options": [
              {
                "auto_recovery": "default"
              }
            ],
            "metadata_options": [
              {
                "http_endpoint": "enabled",
                "http_protocol_ipv6": "disabled",
                "http_put_response_hop_limit": 1,
                "http_tokens": "optional",
                "instance_metadata_tags": "disabled"
              }
            ],
            "monitoring": false,
            "network_interface": [],
            "outpost_arn": "",
            "password_data": "",
            "placement_group": "",
            "placement_partition_number": 0,
            "primary_network_interface_id": "eni-09388e00ab1912c26",
            "private_dns": "ip-172-31-33-226.ec2.internal",
            "private_dns_name_options": [
              {
                "enable_resource_name_dns_a_record": false,
                "enable_resource_name_dns_aaaa_record": false,
                "hostname_type": "ip-name"
              }
            ],
            "private_ip": "172.31.33.226",
            "public_dns": "ec2-35-168-12-226.compute-1.amazonaws.com",
            "public_ip": "35.168.12.226",
            "root_block_device": [
              {
                "delete_on_termination": true,
                "device_name": "/dev/xvda",
                "encrypted": false,
                "iops": 100,
                "kms_key_id": "",
                "tags": null,
                "tags_all": {},
                "throughput": 0,
                "volume_id": "vol-0849dae1f4a7e8761",
                "volume_size": 20,
                "volume_type": "gp2"
              }
            ],
            "secondary_private_ips": [],
            "security_groups": [
              "allow_egress",
              "allow_http",
              "allow_ssh"
            ],
            "source_dest_check": true,
            "spot_instance_request_id": "",
            "subnet_id": "subnet-090378ee2f87d8a18",
            "tags": {
              "Name": "debian_ec2"
            },
            "tags_all": {
              "Name": "debian_ec2"
            },
            "tenancy": "default",
            "timeouts": null,
            "user_data": "41a60f0b4b13e34c70fda88b04fd4f430ef1548d",
            "user_data_base64": null,
            "user_data_replace_on_change": false,
            "volume_tags": null,
            "vpc_security_group_ids": [
              "sg-069c6cddb479e03d4",
              "sg-0a118b8ae4d2d6768",
              "sg-0bb062c76f2d1db96"
            ]
          },
          "sensitive_attributes": [],
          "private": "eyJlMmJmYjczMC1lY2FhLTExZTYtOGY4OC0zNDM2M2JjN2M0YzAiOnsiY3JlYXRlIjo2MDAwMDAwMDAwMDAsImRlbGV0ZSI6MTIwMDAwMDAwMDAwMCwicmVhZCI6OTAwMDAwMDAwMDAwLCJ1cGRhdGUiOjYwMDAwMDAwMDAwMH0sInNjaGVtYV92ZXJzaW9uIjoiMSJ9"
        }
      ]
    },
    {
      "mode": "managed",
      "type": "aws_internet_gateway",
      "name": "igw_prd",
      "provider": "provider[\"registry.terraform.io/hashicorp/aws\"]",
      "instances": [
        {
          "schema_version": 0,
          "attributes": {
            "arn": "arn:aws:ec2:us-east-1:195275673106:internet-gateway/igw-06425da8eda079310",
            "id": "igw-06425da8eda079310",
            "owner_id": "195275673106",
            "tags": {
              "Name": "VExpenses-igw"
            },
            "tags_all": {
              "Name": "VExpenses-igw"
            },
            "timeouts": null,
            "vpc_id": "vpc-057a86944c469bd95"
          },
          "sensitive_attributes": [],
          "private": "eyJlMmJmYjczMC1lY2FhLTExZTYtOGY4OC0zNDM2M2JjN2M0YzAiOnsiY3JlYXRlIjoxMjAwMDAwMDAwMDAwLCJkZWxldGUiOjEyMDAwMDAwMDAwMDAsInVwZGF0ZSI6MTIwMDAwMDAwMDAwMH19",
          "dependencies": [
            "aws_vpc.vpc_prod"
          ]
        }
      ]
    },
    {
      "mode": "managed",
      "type": "aws_key_pair",
      "name": "ec2_key_pair",
      "provider": "provider[\"registry.terraform.io/hashicorp/aws\"]",
      "instances": [
        {
          "schema_version": 1,
          "attributes": {
            "arn": "arn:aws:ec2:us-east-1:195275673106:key-pair/VExpenses-Eduardo_Victor_de_Oliveira_Goncalves-key",
            "fingerprint": "67:12:79:a1:7b:c4:65:2d:fc:0c:53:fd:c1:a3:f1:21",
            "id": "VExpenses-Eduardo_Victor_de_Oliveira_Goncalves-key",
            "key_name": "VExpenses-Eduardo_Victor_de_Oliveira_Goncalves-key",
            "key_name_prefix": "",
            "key_pair_id": "key-0b8bae031a7f18187",
            "key_type": "rsa",
            "public_key": "ssh-rsa AAAAB3NzaC1yc2EAAAADAQABAAABAQDEKwgEUYqZINnoyfGnINQQfIn2VNSonOHqwMFaoKUHyu/lO4Yi1cTdPtpmAFs911kwLmZtfAI2nUqLXAbc56iMVEI7It/5tP5YgZOVgzgQNaE5EDNPU04MKkNmj5smkkuAwZQ0HjaqOEn/DVYMkeIB56UGkEspfHYXjJewCBcn9dB5IVy6DIh+pJhIN1Y2v2WhHTPLp7LqG2s6hYgnDQiTcHbXn1m2P0g7i5C4XC00WP1ICMgKd5XujEcwBaF2DYyHkxyEf7eu4Us5H3jz+6pNH+FeqkDhZEtkSvnrkUCwcX81zpHgQZOVBL13lJ2hOktTEcj+udoVR5bYXcjpoDrV",
            "tags": null,
            "tags_all": {}
          },
          "sensitive_attributes": [],
          "private": "eyJzY2hlbWFfdmVyc2lvbiI6IjEifQ==",
          "dependencies": [
            "tls_private_key.ec2_key"
          ]
        }
      ]
    },
    {
      "mode": "managed",
      "type": "aws_route",
      "name": "rota_default_external",
      "provider": "provider[\"registry.terraform.io/hashicorp/aws\"]",
      "instances": [
        {
          "schema_version": 0,
          "attributes": {
            "carrier_gateway_id": "",
            "core_network_arn": "",
            "destination_cidr_block": "0.0.0.0/0",
            "destination_ipv6_cidr_block": "",
            "destination_prefix_list_id": "",
            "egress_only_gateway_id": "",
            "gateway_id": "igw-06425da8eda079310",
            "id": "r-rtb-0a3f195228c9d85441080289494",
            "instance_id": "",
            "instance_owner_id": "",
            "local_gateway_id": "",
            "nat_gateway_id": "",
            "network_interface_id": "",
            "origin": "CreateRoute",
            "route_table_id": "rtb-0a3f195228c9d8544",
            "state": "active",
            "timeouts": null,
            "transit_gateway_id": "",
            "vpc_endpoint_id": "",
            "vpc_peering_connection_id": ""
          },
          "sensitive_attributes": [],
          "private": "eyJlMmJmYjczMC1lY2FhLTExZTYtOGY4OC0zNDM2M2JjN2M0YzAiOnsiY3JlYXRlIjozMDAwMDAwMDAwMDAsImRlbGV0ZSI6MzAwMDAwMDAwMDAwLCJ1cGRhdGUiOjEyMDAwMDAwMDAwMH19",
          "dependencies": [
            "aws_internet_gateway.igw_prd",
            "aws_route_table.external_route_table",
            "aws_vpc.vpc_prod"
          ]
        }
      ]
    },
    {
      "mode": "managed",
      "type": "aws_route_table",
      "name": "external_route_table",
      "provider": "provider[\"registry.terraform.io/hashicorp/aws\"]",
      "instances": [
        {
          "schema_version": 0,
          "attributes": {
            "arn": "arn:aws:ec2:us-east-1:195275673106:route-table/rtb-0a3f195228c9d8544",
            "id": "rtb-0a3f195228c9d8544",
            "owner_id": "195275673106",
            "propagating_vgws": [],
            "route": [],
            "tags": {
              "Name": "VExpenses-external-route-table"
            },
            "tags_all": {
              "Name": "VExpenses-external-route-table"
            },
            "timeouts": null,
            "vpc_id": "vpc-057a86944c469bd95"
          },
          "sensitive_attributes": [],
          "private": "eyJlMmJmYjczMC1lY2FhLTExZTYtOGY4OC0zNDM2M2JjN2M0YzAiOnsiY3JlYXRlIjozMDAwMDAwMDAwMDAsImRlbGV0ZSI6MzAwMDAwMDAwMDAwLCJ1cGRhdGUiOjEyMDAwMDAwMDAwMH19",
          "dependencies": [
            "aws_vpc.vpc_prod"
          ]
        }
      ]
    },
    {
      "mode": "managed",
      "type": "aws_route_table_association",
      "name": "roteamento_externo_a",
      "provider": "provider[\"registry.terraform.io/hashicorp/aws\"]",
      "instances": [
        {
          "schema_version": 0,
          "attributes": {
            "gateway_id": "",
            "id": "rtbassoc-0d0a87ae2b44703cf",
            "route_table_id": "rtb-0a3f195228c9d8544",
            "subnet_id": "subnet-09f461d97e3ba49d7",
            "timeouts": null
          },
          "sensitive_attributes": [],
          "private": "eyJlMmJmYjczMC1lY2FhLTExZTYtOGY4OC0zNDM2M2JjN2M0YzAiOnsiY3JlYXRlIjozMDAwMDAwMDAwMDAsImRlbGV0ZSI6MzAwMDAwMDAwMDAwLCJ1cGRhdGUiOjEyMDAwMDAwMDAwMH19",
          "dependencies": [
            "aws_route_table.external_route_table",
            "aws_subnet.sub_ext_prod_a",
            "aws_vpc.vpc_prod"
          ]
        }
      ]
    },
    {
      "mode": "managed",
      "type": "aws_route_table_association",
      "name": "roteamento_externo_b",
      "provider": "provider[\"registry.terraform.io/hashicorp/aws\"]",
      "instances": [
        {
          "schema_version": 0,
          "attributes": {
            "gateway_id": "",
            "id": "rtbassoc-08ccab0023fdd2682",
            "route_table_id": "rtb-0a3f195228c9d8544",
            "subnet_id": "subnet-042c66ce147f388e4",
            "timeouts": null
          },
          "sensitive_attributes": [],
          "private": "eyJlMmJmYjczMC1lY2FhLTExZTYtOGY4OC0zNDM2M2JjN2M0YzAiOnsiY3JlYXRlIjozMDAwMDAwMDAwMDAsImRlbGV0ZSI6MzAwMDAwMDAwMDAwLCJ1cGRhdGUiOjEyMDAwMDAwMDAwMH19",
          "dependencies": [
            "aws_route_table.external_route_table",
            "aws_subnet.sub_ext_prod_b",
            "aws_vpc.vpc_prod"
          ]
        }
      ]
    },
    {
      "mode": "managed",
      "type": "aws_security_group",
      "name": "allow_egress",
      "provider": "provider[\"registry.terraform.io/hashicorp/aws\"]",
      "instances": [
        {
          "schema_version": 1,
          "attributes": {
            "arn": "arn:aws:ec2:us-east-1:195275673106:security-group/sg-069c6cddb479e03d4",
            "description": "Permission Egress",
            "egress": [
              {
                "cidr_blocks": [
                  "0.0.0.0/0"
                ],
                "description": "",
                "from_port": 0,
                "ipv6_cidr_blocks": [
                  "::/0"
                ],
                "prefix_list_ids": [],
                "protocol": "-1",
                "security_groups": [],
                "self": false,
                "to_port": 0
              }
            ],
            "id": "sg-069c6cddb479e03d4",
            "ingress": [],
            "name": "allow_egress",
            "name_prefix": "",
            "owner_id": "195275673106",
            "revoke_rules_on_delete": false,
            "tags": {
              "Name": "allow_egress"
            },
            "tags_all": {
              "Name": "allow_egress"
            },
            "timeouts": null,
            "vpc_id": "vpc-05d48d298db5abb98"
          },
          "sensitive_attributes": [],
          "private": "eyJlMmJmYjczMC1lY2FhLTExZTYtOGY4OC0zNDM2M2JjN2M0YzAiOnsiY3JlYXRlIjo2MDAwMDAwMDAwMDAsImRlbGV0ZSI6OTAwMDAwMDAwMDAwfSwic2NoZW1hX3ZlcnNpb24iOiIxIn0="
        }
      ]
    },
    {
      "mode": "managed",
      "type": "aws_security_group",
      "name": "allow_http",
      "provider": "provider[\"registry.terraform.io/hashicorp/aws\"]",
      "instances": [
        {
          "schema_version": 1,
          "attributes": {
            "arn": "arn:aws:ec2:us-east-1:195275673106:security-group/sg-0a118b8ae4d2d6768",
            "description": "Remote access permission via Port 80 (http)",
            "egress": [],
            "id": "sg-0a118b8ae4d2d6768",
            "ingress": [
              {
                "cidr_blocks": [
                  "0.0.0.0/0"
                ],
                "description": "HTTP from VPC",
                "from_port": 80,
                "ipv6_cidr_blocks": [
                  "::/0"
                ],
                "prefix_list_ids": [],
                "protocol": "tcp",
                "security_groups": [],
                "self": false,
                "to_port": 80
              }
            ],
            "name": "allow_http",
            "name_prefix": "",
            "owner_id": "195275673106",
            "revoke_rules_on_delete": false,
            "tags": {
              "Name": "allow_http"
            },
            "tags_all": {
              "Name": "allow_http"
            },
            "timeouts": null,
            "vpc_id": "vpc-05d48d298db5abb98"
          },
          "sensitive_attributes": [],
          "private": "eyJlMmJmYjczMC1lY2FhLTExZTYtOGY4OC0zNDM2M2JjN2M0YzAiOnsiY3JlYXRlIjo2MDAwMDAwMDAwMDAsImRlbGV0ZSI6OTAwMDAwMDAwMDAwfSwic2NoZW1hX3ZlcnNpb24iOiIxIn0="
        }
      ]
    },
    {
      "mode": "managed",
      "type": "aws_security_group",
      "name": "allow_ssh",
      "provider": "provider[\"registry.terraform.io/hashicorp/aws\"]",
      "instances": [
        {
          "schema_version": 1,
          "attributes": {
            "arn": "arn:aws:ec2:us-east-1:195275673106:security-group/sg-0bb062c76f2d1db96",
            "description": "Remote access permission via Port 22 (SSH)",
            "egress": [],
            "id": "sg-0bb062c76f2d1db96",
            "ingress": [
              {
                "cidr_blocks": [
                  "0.0.0.0/0"
                ],
                "description": "SSH from VPC",
                "from_port": 22,
                "ipv6_cidr_blocks": [
                  "::/0"
                ],
                "prefix_list_ids": [],
                "protocol": "tcp",
                "security_groups": [],
                "self": false,
                "to_port": 22
              }
            ],
            "name": "allow_ssh",
            "name_prefix": "",
            "owner_id": "195275673106",
            "revoke_rules_on_delete": false,
            "tags": {
              "Name": "allow_ssh"
            },
            "tags_all": {
              "Name": "allow_ssh"
            },
            "timeouts": null,
            "vpc_id": "vpc-05d48d298db5abb98"
          },
          "sensitive_attributes": [],
          "private": "eyJlMmJmYjczMC1lY2FhLTExZTYtOGY4OC0zNDM2M2JjN2M0YzAiOnsiY3JlYXRlIjo2MDAwMDAwMDAwMDAsImRlbGV0ZSI6OTAwMDAwMDAwMDAwfSwic2NoZW1hX3ZlcnNpb24iOiIxIn0="
        }
      ]
    },
    {
      "mode": "managed",
      "type": "aws_subnet",
      "name": "sub_ext_prod_a",
      "provider": "provider[\"registry.terraform.io/hashicorp/aws\"]",
      "instances": [
        {
          "schema_version": 1,
          "attributes": {
            "arn": "arn:aws:ec2:us-east-1:195275673106:subnet/subnet-09f461d97e3ba49d7",
            "assign_ipv6_address_on_creation": false,
            "availability_zone": "us-east-1a",
            "availability_zone_id": "use1-az1",
            "cidr_block": "10.110.10.0/24",
            "customer_owned_ipv4_pool": "",
            "enable_dns64": false,
            "enable_lni_at_device_index": 0,
            "enable_resource_name_dns_a_record_on_launch": false,
            "enable_resource_name_dns_aaaa_record_on_launch": false,
            "id": "subnet-09f461d97e3ba49d7",
            "ipv6_cidr_block": "",
            "ipv6_cidr_block_association_id": "",
            "ipv6_native": false,
            "map_customer_owned_ip_on_launch": false,
            "map_public_ip_on_launch": false,
            "outpost_arn": "",
            "owner_id": "195275673106",
            "private_dns_hostname_type_on_launch": "ip-name",
            "tags": {
              "Name": "sub_net_ext_prod_a"
            },
            "tags_all": {
              "Name": "sub_net_ext_prod_a"
            },
            "timeouts": null,
            "vpc_id": "vpc-057a86944c469bd95"
          },
          "sensitive_attributes": [],
          "private": "eyJlMmJmYjczMC1lY2FhLTExZTYtOGY4OC0zNDM2M2JjN2M0YzAiOnsiY3JlYXRlIjo2MDAwMDAwMDAwMDAsImRlbGV0ZSI6MTIwMDAwMDAwMDAwMH0sInNjaGVtYV92ZXJzaW9uIjoiMSJ9",
          "dependencies": [
            "aws_vpc.vpc_prod"
          ]
        }
      ]
    },
    {
      "mode": "managed",
      "type": "aws_subnet",
      "name": "sub_ext_prod_b",
      "provider": "provider[\"registry.terraform.io/hashicorp/aws\"]",
      "instances": [
        {
          "schema_version": 1,
          "attributes": {
            "arn": "arn:aws:ec2:us-east-1:195275673106:subnet/subnet-042c66ce147f388e4",
            "assign_ipv6_address_on_creation": false,
            "availability_zone": "us-east-1b",
            "availability_zone_id": "use1-az2",
            "cidr_block": "10.110.11.0/24",
            "customer_owned_ipv4_pool": "",
            "enable_dns64": false,
            "enable_lni_at_device_index": 0,
            "enable_resource_name_dns_a_record_on_launch": false,
            "enable_resource_name_dns_aaaa_record_on_launch": false,
            "id": "subnet-042c66ce147f388e4",
            "ipv6_cidr_block": "",
            "ipv6_cidr_block_association_id": "",
            "ipv6_native": false,
            "map_customer_owned_ip_on_launch": false,
            "map_public_ip_on_launch": false,
            "outpost_arn": "",
            "owner_id": "195275673106",
            "private_dns_hostname_type_on_launch": "ip-name",
            "tags": {
              "Name": "sub_net_ext_prod_b"
            },
            "tags_all": {
              "Name": "sub_net_ext_prod_b"
            },
            "timeouts": null,
            "vpc_id": "vpc-057a86944c469bd95"
          },
          "sensitive_attributes": [],
          "private": "eyJlMmJmYjczMC1lY2FhLTExZTYtOGY4OC0zNDM2M2JjN2M0YzAiOnsiY3JlYXRlIjo2MDAwMDAwMDAwMDAsImRlbGV0ZSI6MTIwMDAwMDAwMDAwMH0sInNjaGVtYV92ZXJzaW9uIjoiMSJ9",
          "dependencies": [
            "aws_vpc.vpc_prod"
          ]
        }
      ]
    },
    {
      "mode": "managed",
      "type": "aws_subnet",
      "name": "sub_int_prod_a",
      "provider": "provider[\"registry.terraform.io/hashicorp/aws\"]",
      "instances": [
        {
          "schema_version": 1,
          "attributes": {
            "arn": "arn:aws:ec2:us-east-1:195275673106:subnet/subnet-013053827b98ad9af",
            "assign_ipv6_address_on_creation": false,
            "availability_zone": "us-east-1a",
            "availability_zone_id": "use1-az1",
            "cidr_block": "10.110.1.0/24",
            "customer_owned_ipv4_pool": "",
            "enable_dns64": false,
            "enable_lni_at_device_index": 0,
            "enable_resource_name_dns_a_record_on_launch": false,
            "enable_resource_name_dns_aaaa_record_on_launch": false,
            "id": "subnet-013053827b98ad9af",
            "ipv6_cidr_block": "",
            "ipv6_cidr_block_association_id": "",
            "ipv6_native": false,
            "map_customer_owned_ip_on_launch": false,
            "map_public_ip_on_launch": false,
            "outpost_arn": "",
            "owner_id": "195275673106",
            "private_dns_hostname_type_on_launch": "ip-name",
            "tags": {
              "Name": "sub_net_int_prod_a"
            },
            "tags_all": {
              "Name": "sub_net_int_prod_a"
            },
            "timeouts": null,
            "vpc_id": "vpc-057a86944c469bd95"
          },
          "sensitive_attributes": [],
          "private": "eyJlMmJmYjczMC1lY2FhLTExZTYtOGY4OC0zNDM2M2JjN2M0YzAiOnsiY3JlYXRlIjo2MDAwMDAwMDAwMDAsImRlbGV0ZSI6MTIwMDAwMDAwMDAwMH0sInNjaGVtYV92ZXJzaW9uIjoiMSJ9",
          "dependencies": [
            "aws_vpc.vpc_prod"
          ]
        }
      ]
    },
    {
      "mode": "managed",
      "type": "aws_subnet",
      "name": "sub_int_prod_b",
      "provider": "provider[\"registry.terraform.io/hashicorp/aws\"]",
      "instances": [
        {
          "schema_version": 1,
          "attributes": {
            "arn": "arn:aws:ec2:us-east-1:195275673106:subnet/subnet-0b7e1072c981848df",
            "assign_ipv6_address_on_creation": false,
            "availability_zone": "us-east-1b",
            "availability_zone_id": "use1-az2",
            "cidr_block": "10.110.2.0/24",
            "customer_owned_ipv4_pool": "",
            "enable_dns64": false,
            "enable_lni_at_device_index": 0,
            "enable_resource_name_dns_a_record_on_launch": false,
            "enable_resource_name_dns_aaaa_record_on_launch": false,
            "id": "subnet-0b7e1072c981848df",
            "ipv6_cidr_block": "",
            "ipv6_cidr_block_association_id": "",
            "ipv6_native": false,
            "map_customer_owned_ip_on_launch": false,
            "map_public_ip_on_launch": false,
            "outpost_arn": "",
            "owner_id": "195275673106",
            "private_dns_hostname_type_on_launch": "ip-name",
            "tags": {
              "Name": "sub_net_int_prod_b"
            },
            "tags_all": {
              "Name": "sub_net_int_prod_b"
            },
            "timeouts": null,
            "vpc_id": "vpc-057a86944c469bd95"
          },
          "sensitive_attributes": [],
          "private": "eyJlMmJmYjczMC1lY2FhLTExZTYtOGY4OC0zNDM2M2JjN2M0YzAiOnsiY3JlYXRlIjo2MDAwMDAwMDAwMDAsImRlbGV0ZSI6MTIwMDAwMDAwMDAwMH0sInNjaGVtYV92ZXJzaW9uIjoiMSJ9",
          "dependencies": [
            "aws_vpc.vpc_prod"
          ]
        }
      ]
    },
    {
      "mode": "managed",
      "type": "aws_vpc",
      "name": "vpc_prod",
      "provider": "provider[\"registry.terraform.io/hashicorp/aws\"]",
      "instances": [
        {
          "schema_version": 1,
          "attributes": {
            "arn": "arn:aws:ec2:us-east-1:195275673106:vpc/vpc-057a86944c469bd95",
            "assign_generated_ipv6_cidr_block": false,
            "cidr_block": "10.110.0.0/16",
            "default_network_acl_id": "acl-0bb01fd6fb87f2100",
            "default_route_table_id": "rtb-05dbe0538df5f6467",
            "default_security_group_id": "sg-03dc33f4de99d8f9d",
            "dhcp_options_id": "dopt-081576667c20d634d",
            "enable_dns_hostnames": true,
            "enable_dns_support": true,
            "enable_network_address_usage_metrics": false,
            "id": "vpc-057a86944c469bd95",
            "instance_tenancy": "default",
            "ipv4_ipam_pool_id": null,
            "ipv4_netmask_length": null,
            "ipv6_association_id": "",
            "ipv6_cidr_block": "",
            "ipv6_cidr_block_network_border_group": "",
            "ipv6_ipam_pool_id": "",
            "ipv6_netmask_length": 0,
            "main_route_table_id": "rtb-05dbe0538df5f6467",
            "owner_id": "195275673106",
            "tags": {
              "Name": "VExpenses-vpc"
            },
            "tags_all": {
              "Name": "VExpenses-vpc"
            }
          },
          "sensitive_attributes": [],
          "private": "eyJzY2hlbWFfdmVyc2lvbiI6IjEifQ=="
        }
      ]
    },
    {
      "mode": "managed",
      "type": "tls_private_key",
      "name": "ec2_key",
      "provider": "provider[\"registry.terraform.io/hashicorp/tls\"]",
      "instances": [
        {
          "schema_version": 1,
          "attributes": {
            "algorithm": "RSA",
            "ecdsa_curve": "P224",
            "id": "90851f8289932858eed9912938849c87cc558c4f",
            "private_key_openssh": "-----BEGIN OPENSSH PRIVATE KEY-----\nb3BlbnNzaC1rZXktdjEAAAAABG5vbmUAAAAEbm9uZQAAAAAAAAABAAABFwAAAAdz\nc2gtcnNhAAAAAwEAAQAAAQEAxCsIBFGKmSDZ6MnxpyDUEHyJ9lTUqJzh6sDBWqCl\nB8rv5TuGItXE3T7aZgBbPddZMC5mbXwCNp1Ki1wG3OeojFRCOyLf+bT+WIGTlYM4\nEDWhORAzT1NODCpDZo+bJpJLgMGUNB42qjhJ/w1WDJHiAeelBpBLKXx2F4yXsAgX\nJ/XQeSFcugyIfqSYSDdWNr9loR0zy6ey6htrOoWIJw0Ik3B2159Ztj9IO4uQuFwt\nNFj9SAjICneV7oxHMAWhdg2Mh5MchH+3ruFLOR948/uqTR/hXqpA4WRLZEr565FA\nsHF/Nc6R4EGTlQS9d5SdoTpLUxHI/rnaFUeW2F3I6aA61QAAA7hYnvwcWJ78HAAA\nAAdzc2gtcnNhAAABAQDEKwgEUYqZINnoyfGnINQQfIn2VNSonOHqwMFaoKUHyu/l\nO4Yi1cTdPtpmAFs911kwLmZtfAI2nUqLXAbc56iMVEI7It/5tP5YgZOVgzgQNaE5\nEDNPU04MKkNmj5smkkuAwZQ0HjaqOEn/DVYMkeIB56UGkEspfHYXjJewCBcn9dB5\nIVy6DIh+pJhIN1Y2v2WhHTPLp7LqG2s6hYgnDQiTcHbXn1m2P0g7i5C4XC00WP1I\nCMgKd5XujEcwBaF2DYyHkxyEf7eu4Us5H3jz+6pNH+FeqkDhZEtkSvnrkUCwcX81\nzpHgQZOVBL13lJ2hOktTEcj+udoVR5bYXcjpoDrVAAAAAwEAAQAAAQANw08ernHg\n6HMhZ/myVhVKytILHEyHP+qBw+BM8XRipZRLKu/wRbs4Io7EFUZRgmhZfwfkqoyl\nNEfkmyJIIWCr58V1zK6WIGKv5vdpx/kI+hpDnKVc7WVOaTCtY2npPN5bPDmfpncD\nXkuiv1bILvwCUjQ7z6fWU0sdv9lsmkS1ouPpE+5Diu46ro0Xehs2MVlhRyKNZ0jg\ns1VC4CFwiLFz5E6ydR92O+P6+rX6RnByoYnXYY9Qof/39MWs1EuvWcozdGEOwqBp\nwFYoiwXwoWh9SqYLf+ntZd+hSy8A/8dHrd6mR73zXHSKNNsqRv6iZnw2GbYClE0J\neu5qgQzhCw+BAAAAgQDCiqg+XG73qyrhyBQX9/a4Sx4MIKyQ9JbHhMJcYEOOu3Am\niIFoTH+37epKYZZ3A5TxIoGZ4TpyYF8DASa+nhlCk3STsgRaFCkjDP+qrW2gKcFE\nMOozTTx1iXKSggE8OOr/1M9M9VqZLvCovxugGGBZIitGyrQeID19jXuDmCPgsQAA\nAIEA0jfMa4+TMetGjdMjZjmIlRFtrr3Eo90jGj3EmdGM2JRL1rKOdCIX0K7bwTZb\nx/a0ZrfdDPTqMhyuyOmQatem+KnIu3mQhjSIQDjR/yHUfWM8KNNKDLeIKFBP6jQH\n0W8T0Etjm6ouElMBq4xnUL1kVtTLE9+ZbaJ9AxAcMRHO/9EAAACBAO7j6moDUpmh\nsDtW8ijDKwj7ckkBUCs5RtJ6nbnZjsaDVQf+jEe3YLC8h6uY6sC2kqJQu6vRcUuo\nn5oGNX2udviuxHLoNbnArlgeottGG4hLmAm2XDoagRrF4Ir5agR/jFJfigQuJcWz\n9aGcqhN3NFkfoXQvz+/bWnNo98zz/i/FAAAAAAEC\n-----END OPENSSH PRIVATE KEY-----\n",
            "private_key_pem": "-----BEGIN RSA PRIVATE KEY-----\nMIIEowIBAAKCAQEAxCsIBFGKmSDZ6MnxpyDUEHyJ9lTUqJzh6sDBWqClB8rv5TuG\nItXE3T7aZgBbPddZMC5mbXwCNp1Ki1wG3OeojFRCOyLf+bT+WIGTlYM4EDWhORAz\nT1NODCpDZo+bJpJLgMGUNB42qjhJ/w1WDJHiAeelBpBLKXx2F4yXsAgXJ/XQeSFc\nugyIfqSYSDdWNr9loR0zy6ey6htrOoWIJw0Ik3B2159Ztj9IO4uQuFwtNFj9SAjI\nCneV7oxHMAWhdg2Mh5MchH+3ruFLOR948/uqTR/hXqpA4WRLZEr565FAsHF/Nc6R\n4EGTlQS9d5SdoTpLUxHI/rnaFUeW2F3I6aA61QIDAQABAoIBAA3DTx6uceDocyFn\n+bJWFUrK0gscTIc/6oHD4EzxdGKllEsq7/BFuzgijsQVRlGCaFl/B+SqjKU0R+Sb\nIkghYKvnxXXMrpYgYq/m92nH+Qj6GkOcpVztZU5pMK1jaek83ls8OZ+mdwNeS6K/\nVsgu/AJSNDvPp9ZTSx2/2WyaRLWi4+kT7kOK7jqujRd6GzYxWWFHIo1nSOCzVULg\nIXCIsXPkTrJ1H3Y74/r6tfpGcHKhiddhj1Ch//f0xazUS69ZyjN0YQ7CoGnAViiL\nBfChaH1Kpgt/6e1l36FLLwD/x0et3qZHvfNcdIo02ypG/qJmfDYZtgKUTQl67mqB\nDOELD4ECgYEA0jfMa4+TMetGjdMjZjmIlRFtrr3Eo90jGj3EmdGM2JRL1rKOdCIX\n0K7bwTZbx/a0ZrfdDPTqMhyuyOmQatem+KnIu3mQhjSIQDjR/yHUfWM8KNNKDLeI\nKFBP6jQH0W8T0Etjm6ouElMBq4xnUL1kVtTLE9+ZbaJ9AxAcMRHO/9ECgYEA7uPq\nagNSmaGwO1byKMMrCPtySQFQKzlG0nqdudmOxoNVB/6MR7dgsLyHq5jqwLaSolC7\nq9FxS6ifmgY1fa52+K7Ecug1ucCuWB6i20YbiEuYCbZcOhqBGsXgivlqBH+MUl+K\nBC4lxbP1oZyqE3c0WR+hdC/P79tac2j3zPP+L8UCgYBSrS1RlEsQ0/aQqtx+RNxp\nvEwF8I6Y380Bcg+Ta23YdCKLkvghxpLVOSAmkilwsJ9s0p02jlBZWxyG2g05aA08\nORJAYWQs1BZOI8q7a+O1WMT9TXQPIlODf2qess3sWaJSRoQrYbfy7wB2Jqcvgv0m\nhVRFQaiHDOPbw4dC6T0fMQKBgBo4J61VCgbUqTwKEfAJY7rLpkJ/A2aLFcvaK1+P\nkk0Vcwq6lHj2loUvXBCoavOV1kg8Ziy4gx/TtRi5n7tYn7QxslwOQn9Nt5TyX9uD\nOVhfO6OtQTgbWpoup7N5Jnqx6RvNYp+M1RZ65vXC9SPHzJYPk6/l44Om5qmOFsyG\n5xolAoGBAMKKqD5cbverKuHIFBf39rhLHgwgrJD0lseEwlxgQ467cCaIgWhMf7ft\n6kphlncDlPEigZnhOnJgXwMBJr6eGUKTdJOyBFoUKSMM/6qtbaApwUQw6jNNPHWJ\ncpKCATw46v/Uz0z1Wpku8Ki/G6AYYFkiK0bKtB4gPX2Ne4OYI+Cx\n-----END RSA PRIVATE KEY-----\n",
            "private_key_pem_pkcs8": "-----BEGIN PRIVATE KEY-----\nMIIEvQIBADANBgkqhkiG9w0BAQEFAASCBKcwggSjAgEAAoIBAQDEKwgEUYqZINno\nyfGnINQQfIn2VNSonOHqwMFaoKUHyu/lO4Yi1cTdPtpmAFs911kwLmZtfAI2nUqL\nXAbc56iMVEI7It/5tP5YgZOVgzgQNaE5EDNPU04MKkNmj5smkkuAwZQ0HjaqOEn/\nDVYMkeIB56UGkEspfHYXjJewCBcn9dB5IVy6DIh+pJhIN1Y2v2WhHTPLp7LqG2s6\nhYgnDQiTcHbXn1m2P0g7i5C4XC00WP1ICMgKd5XujEcwBaF2DYyHkxyEf7eu4Us5\nH3jz+6pNH+FeqkDhZEtkSvnrkUCwcX81zpHgQZOVBL13lJ2hOktTEcj+udoVR5bY\nXcjpoDrVAgMBAAECggEADcNPHq5x4OhzIWf5slYVSsrSCxxMhz/qgcPgTPF0YqWU\nSyrv8EW7OCKOxBVGUYJoWX8H5KqMpTRH5JsiSCFgq+fFdcyuliBir+b3acf5CPoa\nQ5ylXO1lTmkwrWNp6TzeWzw5n6Z3A15Lor9WyC78AlI0O8+n1lNLHb/ZbJpEtaLj\n6RPuQ4ruOq6NF3obNjFZYUcijWdI4LNVQuAhcIixc+ROsnUfdjvj+vq1+kZwcqGJ\n12GPUKH/9/TFrNRLr1nKM3RhDsKgacBWKIsF8KFofUqmC3/p7WXfoUsvAP/HR63e\npke981x0ijTbKkb+omZ8Nhm2ApRNCXruaoEM4QsPgQKBgQDSN8xrj5Mx60aN0yNm\nOYiVEW2uvcSj3SMaPcSZ0YzYlEvWso50IhfQrtvBNlvH9rRmt90M9OoyHK7I6ZBq\n16b4qci7eZCGNIhAONH/IdR9Yzwo00oMt4goUE/qNAfRbxPQS2Obqi4SUwGrjGdQ\nvWRW1MsT35lton0DEBwxEc7/0QKBgQDu4+pqA1KZobA7VvIowysI+3JJAVArOUbS\nep252Y7Gg1UH/oxHt2CwvIermOrAtpKiULur0XFLqJ+aBjV9rnb4rsRy6DW5wK5Y\nHqLbRhuIS5gJtlw6GoEaxeCK+WoEf4xSX4oELiXFs/WhnKoTdzRZH6F0L8/v21pz\naPfM8/4vxQKBgFKtLVGUSxDT9pCq3H5E3Gm8TAXwjpjfzQFyD5Nrbdh0IouS+CHG\nktU5ICaSKXCwn2zSnTaOUFlbHIbaDTloDTw5EkBhZCzUFk4jyrtr47VYxP1NdA8i\nU4N/ap6yzexZolJGhCtht/LvAHYmpy+C/SaFVEVBqIcM49vDh0LpPR8xAoGAGjgn\nrVUKBtSpPAoR8AljusumQn8DZosVy9orX4+STRVzCrqUePaWhS9cEKhq85XWSDxm\nLLiDH9O1GLmfu1iftDGyXA5Cf023lPJf24M5WF87o61BOBtami6ns3kmerHpG81i\nn4zVFnrm9cL1I8fMlg+Tr+Xjg6bmqY4WzIbnGiUCgYEAwoqoPlxu96sq4cgUF/f2\nuEseDCCskPSWx4TCXGBDjrtwJoiBaEx/t+3qSmGWdwOU8SKBmeE6cmBfAwEmvp4Z\nQpN0k7IEWhQpIwz/qq1toCnBRDDqM008dYlykoIBPDjq/9TPTPVamS7wqL8boBhg\nWSIrRsq0HiA9fY17g5gj4LE=\n-----END PRIVATE KEY-----\n",
            "public_key_fingerprint_md5": "51:a9:56:c9:ce:67:d8:bb:6f:9e:e5:b4:57:9b:05:15",
            "public_key_fingerprint_sha256": "SHA256:lLdYoZiCz7hS4gDTrpHUQTGUW0+0V8dx0zpDhHEJrwg",
            "public_key_openssh": "ssh-rsa AAAAB3NzaC1yc2EAAAADAQABAAABAQDEKwgEUYqZINnoyfGnINQQfIn2VNSonOHqwMFaoKUHyu/lO4Yi1cTdPtpmAFs911kwLmZtfAI2nUqLXAbc56iMVEI7It/5tP5YgZOVgzgQNaE5EDNPU04MKkNmj5smkkuAwZQ0HjaqOEn/DVYMkeIB56UGkEspfHYXjJewCBcn9dB5IVy6DIh+pJhIN1Y2v2WhHTPLp7LqG2s6hYgnDQiTcHbXn1m2P0g7i5C4XC00WP1ICMgKd5XujEcwBaF2DYyHkxyEf7eu4Us5H3jz+6pNH+FeqkDhZEtkSvnrkUCwcX81zpHgQZOVBL13lJ2hOktTEcj+udoVR5bYXcjpoDrV\n",
            "public_key_pem": "-----BEGIN PUBLIC KEY-----\nMIIBIjANBgkqhkiG9w0BAQEFAAOCAQ8AMIIBCgKCAQEAxCsIBFGKmSDZ6MnxpyDU\nEHyJ9lTUqJzh6sDBWqClB8rv5TuGItXE3T7aZgBbPddZMC5mbXwCNp1Ki1wG3Oeo\njFRCOyLf+bT+WIGTlYM4EDWhORAzT1NODCpDZo+bJpJLgMGUNB42qjhJ/w1WDJHi\nAeelBpBLKXx2F4yXsAgXJ/XQeSFcugyIfqSYSDdWNr9loR0zy6ey6htrOoWIJw0I\nk3B2159Ztj9IO4uQuFwtNFj9SAjICneV7oxHMAWhdg2Mh5MchH+3ruFLOR948/uq\nTR/hXqpA4WRLZEr565FAsHF/Nc6R4EGTlQS9d5SdoTpLUxHI/rnaFUeW2F3I6aA6\n1QIDAQAB\n-----END PUBLIC KEY-----\n",
            "rsa_bits": 2048
          },
          "sensitive_attributes": [
            [
              {
                "type": "get_attr",
                "value": "private_key_pem_pkcs8"
              }
            ],
            [
              {
                "type": "get_attr",
                "value": "private_key_pem"
              }
            ],
            [
              {
                "type": "get_attr",
                "value": "private_key_openssh"
              }
            ]
          ]
        }
      ]
    }
  ],
  "check_results": null
}
